
Microsoft Visual Studio Solution File, Format Version 12.00
# Visual Studio Version 17
VisualStudioVersion = 17.1.32421.90
MinimumVisualStudioVersion = 10.0.40219.1
Project("{8BC9CEB8-8B4A-11D0-8D11-00A0C91BC942}") = "CKursCKZiU", "CKursCKZiU\CKursCKZiU.vcxproj", "{E0B1628F-83C9-49BD-B62B-4D76081EF5A6}"
EndProject
Project("{8BC9CEB8-8B4A-11D0-8D11-00A0C91BC942}") = "Zad0.1", "Zad0.1\Zad0.1.vcxproj", "{4A9EFE52-9308-4A1D-92AE-5C44C521E209}"
EndProject
Project("{8BC9CEB8-8B4A-11D0-8D11-00A0C91BC942}") = "Zad1.1", "Zad1.1\Zad1.1.vcxproj", "{D9391B00-D959-4CA1-8204-AA0DE2CAC766}"
EndProject
Project("{8BC9CEB8-8B4A-11D0-8D11-00A0C91BC942}") = "Zad1.2", "Zad1.2\Zad1.2.vcxproj", "{EEBB90C5-B520-4BDA-BE56-025EAC269D4B}"
EndProject
Project("{8BC9CEB8-8B4A-11D0-8D11-00A0C91BC942}") = "Zad1.3", "Zad1.3\Zad1.3.vcxproj", "{75E63FE5-9A53-46A5-8FBB-FD97E1E35C1B}"
EndProject
Project("{8BC9CEB8-8B4A-11D0-8D11-00A0C91BC942}") = "Prz1.1", "Prz1.1\Prz1.1.vcxproj", "{7C1C625D-2F54-43CC-BB86-D3EEC00221A1}"
EndProject
Project("{8BC9CEB8-8B4A-11D0-8D11-00A0C91BC942}") = "Prz2.1", "Prz2.1\Prz2.1.vcxproj", "{1C413C0E-5156-4F2F-B4E7-76722702EFAE}"
EndProject
Project("{8BC9CEB8-8B4A-11D0-8D11-00A0C91BC942}") = "Zad2.1", "Zad2.1\Zad2.1.vcxproj", "{ECB58137-4AFA-4E50-8684-31C872A72B23}"
EndProject
Project("{8BC9CEB8-8B4A-11D0-8D11-00A0C91BC942}") = "Prz2.2", "Prz2.2\Prz2.2.vcxproj", "{94FA6E85-E0CB-423D-830B-AAA2FAFFA836}"
EndProject
Project("{8BC9CEB8-8B4A-11D0-8D11-00A0C91BC942}") = "Zad2.2", "Zad2.2\Zad2.2.vcxproj", "{BB916844-CC4E-49B9-AEA3-2B8284281D29}"
EndProject
Project("{8BC9CEB8-8B4A-11D0-8D11-00A0C91BC942}") = "Zad2.3", "Zad2.3\Zad2.3.vcxproj", "{A7BD8241-860A-4F79-A6E7-470B42DD9240}"
EndProject
Project("{8BC9CEB8-8B4A-11D0-8D11-00A0C91BC942}") = "Zad2.4", "Zad2.4\Zad2.4.vcxproj", "{E546CE34-7231-4F99-9DB4-9B7AAAD113DA}"
EndProject
Project("{8BC9CEB8-8B4A-11D0-8D11-00A0C91BC942}") = "Zad3.1", "Zad3.1\Zad3.1.vcxproj", "{BEFC8035-9F41-4F35-9412-9C9D658C676F}"
EndProject
Project("{8BC9CEB8-8B4A-11D0-8D11-00A0C91BC942}") = "Prz3.1", "Prz3.1\Prz3.1.vcxproj", "{AB89ACD5-1E08-490C-A223-64BEDFDCECC4}"
EndProject
Project("{8BC9CEB8-8B4A-11D0-8D11-00A0C91BC942}") = "Prz3.2", "Zad3.2\Zad3.2.vcxproj", "{A1936B55-708A-4EC2-A2CD-A7BCB385F50E}"
EndProject
Project("{8BC9CEB8-8B4A-11D0-8D11-00A0C91BC942}") = "Prz3.3", "Prz3.3\Prz3.3.vcxproj", "{92CA1A2A-2526-4DBA-8BFA-E68B139C7D79}"
EndProject
Project("{8BC9CEB8-8B4A-11D0-8D11-00A0C91BC942}") = "Zad4.1", "Zad4.1\Zad4.1.vcxproj", "{5EA02609-0B82-4FB4-9036-2CE661B4AE9A}"
EndProject
Project("{8BC9CEB8-8B4A-11D0-8D11-00A0C91BC942}") = "Zad4.2", "Zad4.2\Zad4.2.vcxproj", "{783568A1-5083-46AC-8157-4A8660CECE11}"
EndProject
Project("{8BC9CEB8-8B4A-11D0-8D11-00A0C91BC942}") = "Zad4.3", "Zad4.3\Zad4.3.vcxproj", "{E6C047D2-C68A-4545-9FFE-188FDC1084BC}"
EndProject
Project("{8BC9CEB8-8B4A-11D0-8D11-00A0C91BC942}") = "Zad4.4", "Zad4.4\Zad4.4.vcxproj", "{859CDB8B-2344-4C0C-B185-BA8627BE07F3}"
EndProject
Project("{8BC9CEB8-8B4A-11D0-8D11-00A0C91BC942}") = "Prz4.2", "Prz4.2\Prz4.2.vcxproj", "{6CB57359-9A21-4E5F-8F8A-AD5C4C5C628E}"
EndProject
Project("{8BC9CEB8-8B4A-11D0-8D11-00A0C91BC942}") = "Zad4.5", "Zad4.5\Zad4.5.vcxproj", "{7FC5986E-8F4E-4766-91DB-97D862EF1EE9}"
EndProject
Project("{8BC9CEB8-8B4A-11D0-8D11-00A0C91BC942}") = "Zad5.1", "Zad5.1\Zad5.1.vcxproj", "{C509455B-F755-4763-B97B-BE2B1BB9B365}"
EndProject
Project("{8BC9CEB8-8B4A-11D0-8D11-00A0C91BC942}") = "Prz5.1", "Prz5.1\Prz5.1.vcxproj", "{299EADA3-108A-4A08-8D14-4948B970F58B}"
EndProject
Project("{8BC9CEB8-8B4A-11D0-8D11-00A0C91BC942}") = "Zad5.2", "Zad5.2\Zad5.2.vcxproj", "{32237866-7B5A-46C1-819F-A2034151816E}"
EndProject
Project("{8BC9CEB8-8B4A-11D0-8D11-00A0C91BC942}") = "Zad5.3", "Zad5.3\Zad5.3.vcxproj", "{C2C3A779-DA8E-456E-BEA1-0D12AF398613}"
EndProject
Project("{8BC9CEB8-8B4A-11D0-8D11-00A0C91BC942}") = "Zad5.4", "Zad5.4\Zad5.4.vcxproj", "{99E651B2-F869-4152-B4E1-7B8E3C181F47}"
EndProject
Project("{8BC9CEB8-8B4A-11D0-8D11-00A0C91BC942}") = "Zad5.5", "Zad5.5\Zad5.5.vcxproj", "{018A134D-D76B-4043-8D2F-EAC47695E597}"
EndProject
Project("{8BC9CEB8-8B4A-11D0-8D11-00A0C91BC942}") = "Zad5.6", "Zad5.6\Zad5.6.vcxproj", "{F2BB7ACA-502A-4A8F-9E52-E19B706D5193}"
EndProject
Project("{8BC9CEB8-8B4A-11D0-8D11-00A0C91BC942}") = "Zad5.7", "Zad5.7\Zad5.7.vcxproj", "{7B70E771-5B56-456B-9D09-F2125F6FA72F}"
EndProject
Project("{8BC9CEB8-8B4A-11D0-8D11-00A0C91BC942}") = "Prz5.2", "Prz5.2\Prz5.2.vcxproj", "{487D15B1-33D7-41A1-BA21-3512AC0D786A}"
EndProject
Project("{8BC9CEB8-8B4A-11D0-8D11-00A0C91BC942}") = "Zad5.8", "Zad5.8\Zad5.8.vcxproj", "{194079AC-AF08-4894-BC46-47C2AEC69A20}"
EndProject
Project("{8BC9CEB8-8B4A-11D0-8D11-00A0C91BC942}") = "Zad5.9", "Zad5.9\Zad5.9.vcxproj", "{D4BC2848-AFF3-449A-9F3B-6EEA6A7D906E}"
EndProject
Project("{8BC9CEB8-8B4A-11D0-8D11-00A0C91BC942}") = "Zad5.10", "Zad5.10\Zad5.10.vcxproj", "{6F25F52F-C65F-4415-B4B3-317C8C59D58E}"
EndProject
Project("{8BC9CEB8-8B4A-11D0-8D11-00A0C91BC942}") = "Prz6.1", "Prz6.1\Prz6.1.vcxproj", "{3B62EDD5-FB46-46EE-BDF5-A74FCE24720B}"
EndProject
Project("{8BC9CEB8-8B4A-11D0-8D11-00A0C91BC942}") = "Prz6.2", "Prz6.2\Prz6.2.vcxproj", "{37E5E122-78B3-4261-AB08-B4238637BE0A}"
EndProject
Project("{8BC9CEB8-8B4A-11D0-8D11-00A0C91BC942}") = "Zad6.1", "Zad6.1\Zad6.1.vcxproj", "{6319BA23-F89C-4507-98FF-B969F7F5F036}"
EndProject
Project("{8BC9CEB8-8B4A-11D0-8D11-00A0C91BC942}") = "Zad6.2", "Zad6.2\Zad6.2.vcxproj", "{66826AC6-8CEC-406F-8BAB-A57A63119817}"
EndProject
Project("{8BC9CEB8-8B4A-11D0-8D11-00A0C91BC942}") = "Zad6.3", "Zad6.3\Zad6.3.vcxproj", "{7CAB1D1C-5DF0-45D8-AB6D-F94621EE5D49}"
EndProject
Project("{8BC9CEB8-8B4A-11D0-8D11-00A0C91BC942}") = "Prz7.1", "Prz7.1\Prz7.1.vcxproj", "{85A582B4-15BF-4EA3-8F81-A438E614D4EA}"
EndProject
Project("{8BC9CEB8-8B4A-11D0-8D11-00A0C91BC942}") = "Zad7.1", "Zad7.1\Zad7.1.vcxproj", "{3439F573-C478-4722-A284-CE973B387068}"
EndProject
Project("{8BC9CEB8-8B4A-11D0-8D11-00A0C91BC942}") = "Prz8.1", "Prz8.1\Prz8.1.vcxproj", "{29E69051-5CD4-4656-A23E-B6205DFF9F75}"
EndProject
Project("{8BC9CEB8-8B4A-11D0-8D11-00A0C91BC942}") = "Zad8.1", "Zad8.1\Zad8.1.vcxproj", "{E9A372B2-4845-442E-8150-95783A9D28C6}"
EndProject
Project("{8BC9CEB8-8B4A-11D0-8D11-00A0C91BC942}") = "Prz8.2", "Prz8.2\Prz8.2.vcxproj", "{A3C99C56-51CC-4D94-9E8C-C0103B3A9E48}"
EndProject
Project("{8BC9CEB8-8B4A-11D0-8D11-00A0C91BC942}") = "Prz10.1", "Prz10.1\Prz10.1.vcxproj", "{1C40AB10-56F7-43AB-8C8A-6835D03E8DA0}"
EndProject
Project("{8BC9CEB8-8B4A-11D0-8D11-00A0C91BC942}") = "Zad10.1", "Zad10.1\Zad10.1.vcxproj", "{1C80683B-7B4A-4972-80BA-A1DC95325890}"
EndProject
Project("{8BC9CEB8-8B4A-11D0-8D11-00A0C91BC942}") = "Prz10.2", "Prz10.2\Prz10.2.vcxproj", "{0A9083E9-6C25-427F-A949-D7C8010DD5CA}"
EndProject
Project("{8BC9CEB8-8B4A-11D0-8D11-00A0C91BC942}") = "Prz10.3", "Prz10.3\Prz10.3.vcxproj", "{4F9B8A81-B976-422D-B8B4-3CB4E025BFF3}"
EndProject
Project("{8BC9CEB8-8B4A-11D0-8D11-00A0C91BC942}") = "Prz10.4", "Prz10.4\Prz10.4.vcxproj", "{162009A6-A0D0-4669-ADD2-B76CA62438AA}"
EndProject
Project("{8BC9CEB8-8B4A-11D0-8D11-00A0C91BC942}") = "Zad10.5", "Zad10.5\Zad10.5.vcxproj", "{E4F2C92D-C7DC-44BA-8FA1-E8BAC31E3EED}"
EndProject
Project("{8BC9CEB8-8B4A-11D0-8D11-00A0C91BC942}") = "Zad10.2", "Zad10.2\Zad10.2.vcxproj", "{0BF28D95-A3C1-45EF-9F91-0B12475738B3}"
EndProject
Project("{8BC9CEB8-8B4A-11D0-8D11-00A0C91BC942}") = "Zad10.3", "Zad10.3\Zad10.3.vcxproj", "{0B4DB5C0-0966-4DC4-BF63-50695F287361}"
EndProject
Project("{8BC9CEB8-8B4A-11D0-8D11-00A0C91BC942}") = "Zad11.1", "Zad11.1\Zad11.1.vcxproj", "{57A0960C-7D5F-412E-BC42-18212B549676}"
EndProject
Project("{8BC9CEB8-8B4A-11D0-8D11-00A0C91BC942}") = "Zad11.2", "Zad11.2\Zad11.2.vcxproj", "{E67A5CCC-92BE-4207-ADC7-F54082C48593}"
EndProject
Project("{8BC9CEB8-8B4A-11D0-8D11-00A0C91BC942}") = "Zad11.3", "Zad11.3\Zad11.3.vcxproj", "{167C5192-0788-4760-B8EF-979E2E3FD294}"
EndProject
Global
	GlobalSection(SolutionConfigurationPlatforms) = preSolution
		Debug|x64 = Debug|x64
		Debug|x86 = Debug|x86
		Release|x64 = Release|x64
		Release|x86 = Release|x86
	EndGlobalSection
	GlobalSection(ProjectConfigurationPlatforms) = postSolution
		{E0B1628F-83C9-49BD-B62B-4D76081EF5A6}.Debug|x64.ActiveCfg = Debug|x64
		{E0B1628F-83C9-49BD-B62B-4D76081EF5A6}.Debug|x64.Build.0 = Debug|x64
		{E0B1628F-83C9-49BD-B62B-4D76081EF5A6}.Debug|x86.ActiveCfg = Debug|Win32
		{E0B1628F-83C9-49BD-B62B-4D76081EF5A6}.Debug|x86.Build.0 = Debug|Win32
		{E0B1628F-83C9-49BD-B62B-4D76081EF5A6}.Release|x64.ActiveCfg = Release|x64
		{E0B1628F-83C9-49BD-B62B-4D76081EF5A6}.Release|x64.Build.0 = Release|x64
		{E0B1628F-83C9-49BD-B62B-4D76081EF5A6}.Release|x86.ActiveCfg = Release|Win32
		{E0B1628F-83C9-49BD-B62B-4D76081EF5A6}.Release|x86.Build.0 = Release|Win32
		{4A9EFE52-9308-4A1D-92AE-5C44C521E209}.Debug|x64.ActiveCfg = Debug|x64
		{4A9EFE52-9308-4A1D-92AE-5C44C521E209}.Debug|x64.Build.0 = Debug|x64
		{4A9EFE52-9308-4A1D-92AE-5C44C521E209}.Debug|x86.ActiveCfg = Debug|Win32
		{4A9EFE52-9308-4A1D-92AE-5C44C521E209}.Debug|x86.Build.0 = Debug|Win32
		{4A9EFE52-9308-4A1D-92AE-5C44C521E209}.Release|x64.ActiveCfg = Release|x64
		{4A9EFE52-9308-4A1D-92AE-5C44C521E209}.Release|x64.Build.0 = Release|x64
		{4A9EFE52-9308-4A1D-92AE-5C44C521E209}.Release|x86.ActiveCfg = Release|Win32
		{4A9EFE52-9308-4A1D-92AE-5C44C521E209}.Release|x86.Build.0 = Release|Win32
		{D9391B00-D959-4CA1-8204-AA0DE2CAC766}.Debug|x64.ActiveCfg = Debug|x64
		{D9391B00-D959-4CA1-8204-AA0DE2CAC766}.Debug|x64.Build.0 = Debug|x64
		{D9391B00-D959-4CA1-8204-AA0DE2CAC766}.Debug|x86.ActiveCfg = Debug|Win32
		{D9391B00-D959-4CA1-8204-AA0DE2CAC766}.Debug|x86.Build.0 = Debug|Win32
		{D9391B00-D959-4CA1-8204-AA0DE2CAC766}.Release|x64.ActiveCfg = Release|x64
		{D9391B00-D959-4CA1-8204-AA0DE2CAC766}.Release|x64.Build.0 = Release|x64
		{D9391B00-D959-4CA1-8204-AA0DE2CAC766}.Release|x86.ActiveCfg = Release|Win32
		{D9391B00-D959-4CA1-8204-AA0DE2CAC766}.Release|x86.Build.0 = Release|Win32
		{EEBB90C5-B520-4BDA-BE56-025EAC269D4B}.Debug|x64.ActiveCfg = Debug|x64
		{EEBB90C5-B520-4BDA-BE56-025EAC269D4B}.Debug|x64.Build.0 = Debug|x64
		{EEBB90C5-B520-4BDA-BE56-025EAC269D4B}.Debug|x86.ActiveCfg = Debug|Win32
		{EEBB90C5-B520-4BDA-BE56-025EAC269D4B}.Debug|x86.Build.0 = Debug|Win32
		{EEBB90C5-B520-4BDA-BE56-025EAC269D4B}.Release|x64.ActiveCfg = Release|x64
		{EEBB90C5-B520-4BDA-BE56-025EAC269D4B}.Release|x64.Build.0 = Release|x64
		{EEBB90C5-B520-4BDA-BE56-025EAC269D4B}.Release|x86.ActiveCfg = Release|Win32
		{EEBB90C5-B520-4BDA-BE56-025EAC269D4B}.Release|x86.Build.0 = Release|Win32
		{75E63FE5-9A53-46A5-8FBB-FD97E1E35C1B}.Debug|x64.ActiveCfg = Debug|x64
		{75E63FE5-9A53-46A5-8FBB-FD97E1E35C1B}.Debug|x64.Build.0 = Debug|x64
		{75E63FE5-9A53-46A5-8FBB-FD97E1E35C1B}.Debug|x86.ActiveCfg = Debug|Win32
		{75E63FE5-9A53-46A5-8FBB-FD97E1E35C1B}.Debug|x86.Build.0 = Debug|Win32
		{75E63FE5-9A53-46A5-8FBB-FD97E1E35C1B}.Release|x64.ActiveCfg = Release|x64
		{75E63FE5-9A53-46A5-8FBB-FD97E1E35C1B}.Release|x64.Build.0 = Release|x64
		{75E63FE5-9A53-46A5-8FBB-FD97E1E35C1B}.Release|x86.ActiveCfg = Release|Win32
		{75E63FE5-9A53-46A5-8FBB-FD97E1E35C1B}.Release|x86.Build.0 = Release|Win32
		{7C1C625D-2F54-43CC-BB86-D3EEC00221A1}.Debug|x64.ActiveCfg = Debug|x64
		{7C1C625D-2F54-43CC-BB86-D3EEC00221A1}.Debug|x64.Build.0 = Debug|x64
		{7C1C625D-2F54-43CC-BB86-D3EEC00221A1}.Debug|x86.ActiveCfg = Debug|Win32
		{7C1C625D-2F54-43CC-BB86-D3EEC00221A1}.Debug|x86.Build.0 = Debug|Win32
		{7C1C625D-2F54-43CC-BB86-D3EEC00221A1}.Release|x64.ActiveCfg = Release|x64
		{7C1C625D-2F54-43CC-BB86-D3EEC00221A1}.Release|x64.Build.0 = Release|x64
		{7C1C625D-2F54-43CC-BB86-D3EEC00221A1}.Release|x86.ActiveCfg = Release|Win32
		{7C1C625D-2F54-43CC-BB86-D3EEC00221A1}.Release|x86.Build.0 = Release|Win32
		{1C413C0E-5156-4F2F-B4E7-76722702EFAE}.Debug|x64.ActiveCfg = Debug|x64
		{1C413C0E-5156-4F2F-B4E7-76722702EFAE}.Debug|x64.Build.0 = Debug|x64
		{1C413C0E-5156-4F2F-B4E7-76722702EFAE}.Debug|x86.ActiveCfg = Debug|Win32
		{1C413C0E-5156-4F2F-B4E7-76722702EFAE}.Debug|x86.Build.0 = Debug|Win32
		{1C413C0E-5156-4F2F-B4E7-76722702EFAE}.Release|x64.ActiveCfg = Release|x64
		{1C413C0E-5156-4F2F-B4E7-76722702EFAE}.Release|x64.Build.0 = Release|x64
		{1C413C0E-5156-4F2F-B4E7-76722702EFAE}.Release|x86.ActiveCfg = Release|Win32
		{1C413C0E-5156-4F2F-B4E7-76722702EFAE}.Release|x86.Build.0 = Release|Win32
		{ECB58137-4AFA-4E50-8684-31C872A72B23}.Debug|x64.ActiveCfg = Debug|x64
		{ECB58137-4AFA-4E50-8684-31C872A72B23}.Debug|x64.Build.0 = Debug|x64
		{ECB58137-4AFA-4E50-8684-31C872A72B23}.Debug|x86.ActiveCfg = Debug|Win32
		{ECB58137-4AFA-4E50-8684-31C872A72B23}.Debug|x86.Build.0 = Debug|Win32
		{ECB58137-4AFA-4E50-8684-31C872A72B23}.Release|x64.ActiveCfg = Release|x64
		{ECB58137-4AFA-4E50-8684-31C872A72B23}.Release|x64.Build.0 = Release|x64
		{ECB58137-4AFA-4E50-8684-31C872A72B23}.Release|x86.ActiveCfg = Release|Win32
		{ECB58137-4AFA-4E50-8684-31C872A72B23}.Release|x86.Build.0 = Release|Win32
		{94FA6E85-E0CB-423D-830B-AAA2FAFFA836}.Debug|x64.ActiveCfg = Debug|x64
		{94FA6E85-E0CB-423D-830B-AAA2FAFFA836}.Debug|x64.Build.0 = Debug|x64
		{94FA6E85-E0CB-423D-830B-AAA2FAFFA836}.Debug|x86.ActiveCfg = Debug|Win32
		{94FA6E85-E0CB-423D-830B-AAA2FAFFA836}.Debug|x86.Build.0 = Debug|Win32
		{94FA6E85-E0CB-423D-830B-AAA2FAFFA836}.Release|x64.ActiveCfg = Release|x64
		{94FA6E85-E0CB-423D-830B-AAA2FAFFA836}.Release|x64.Build.0 = Release|x64
		{94FA6E85-E0CB-423D-830B-AAA2FAFFA836}.Release|x86.ActiveCfg = Release|Win32
		{94FA6E85-E0CB-423D-830B-AAA2FAFFA836}.Release|x86.Build.0 = Release|Win32
		{BB916844-CC4E-49B9-AEA3-2B8284281D29}.Debug|x64.ActiveCfg = Debug|x64
		{BB916844-CC4E-49B9-AEA3-2B8284281D29}.Debug|x64.Build.0 = Debug|x64
		{BB916844-CC4E-49B9-AEA3-2B8284281D29}.Debug|x86.ActiveCfg = Debug|Win32
		{BB916844-CC4E-49B9-AEA3-2B8284281D29}.Debug|x86.Build.0 = Debug|Win32
		{BB916844-CC4E-49B9-AEA3-2B8284281D29}.Release|x64.ActiveCfg = Release|x64
		{BB916844-CC4E-49B9-AEA3-2B8284281D29}.Release|x64.Build.0 = Release|x64
		{BB916844-CC4E-49B9-AEA3-2B8284281D29}.Release|x86.ActiveCfg = Release|Win32
		{BB916844-CC4E-49B9-AEA3-2B8284281D29}.Release|x86.Build.0 = Release|Win32
		{A7BD8241-860A-4F79-A6E7-470B42DD9240}.Debug|x64.ActiveCfg = Debug|x64
		{A7BD8241-860A-4F79-A6E7-470B42DD9240}.Debug|x64.Build.0 = Debug|x64
		{A7BD8241-860A-4F79-A6E7-470B42DD9240}.Debug|x86.ActiveCfg = Debug|Win32
		{A7BD8241-860A-4F79-A6E7-470B42DD9240}.Debug|x86.Build.0 = Debug|Win32
		{A7BD8241-860A-4F79-A6E7-470B42DD9240}.Release|x64.ActiveCfg = Release|x64
		{A7BD8241-860A-4F79-A6E7-470B42DD9240}.Release|x64.Build.0 = Release|x64
		{A7BD8241-860A-4F79-A6E7-470B42DD9240}.Release|x86.ActiveCfg = Release|Win32
		{A7BD8241-860A-4F79-A6E7-470B42DD9240}.Release|x86.Build.0 = Release|Win32
		{E546CE34-7231-4F99-9DB4-9B7AAAD113DA}.Debug|x64.ActiveCfg = Debug|x64
		{E546CE34-7231-4F99-9DB4-9B7AAAD113DA}.Debug|x64.Build.0 = Debug|x64
		{E546CE34-7231-4F99-9DB4-9B7AAAD113DA}.Debug|x86.ActiveCfg = Debug|Win32
		{E546CE34-7231-4F99-9DB4-9B7AAAD113DA}.Debug|x86.Build.0 = Debug|Win32
		{E546CE34-7231-4F99-9DB4-9B7AAAD113DA}.Release|x64.ActiveCfg = Release|x64
		{E546CE34-7231-4F99-9DB4-9B7AAAD113DA}.Release|x64.Build.0 = Release|x64
		{E546CE34-7231-4F99-9DB4-9B7AAAD113DA}.Release|x86.ActiveCfg = Release|Win32
		{E546CE34-7231-4F99-9DB4-9B7AAAD113DA}.Release|x86.Build.0 = Release|Win32
		{BEFC8035-9F41-4F35-9412-9C9D658C676F}.Debug|x64.ActiveCfg = Debug|x64
		{BEFC8035-9F41-4F35-9412-9C9D658C676F}.Debug|x64.Build.0 = Debug|x64
		{BEFC8035-9F41-4F35-9412-9C9D658C676F}.Debug|x86.ActiveCfg = Debug|Win32
		{BEFC8035-9F41-4F35-9412-9C9D658C676F}.Debug|x86.Build.0 = Debug|Win32
		{BEFC8035-9F41-4F35-9412-9C9D658C676F}.Release|x64.ActiveCfg = Release|x64
		{BEFC8035-9F41-4F35-9412-9C9D658C676F}.Release|x64.Build.0 = Release|x64
		{BEFC8035-9F41-4F35-9412-9C9D658C676F}.Release|x86.ActiveCfg = Release|Win32
		{BEFC8035-9F41-4F35-9412-9C9D658C676F}.Release|x86.Build.0 = Release|Win32
		{AB89ACD5-1E08-490C-A223-64BEDFDCECC4}.Debug|x64.ActiveCfg = Debug|x64
		{AB89ACD5-1E08-490C-A223-64BEDFDCECC4}.Debug|x64.Build.0 = Debug|x64
		{AB89ACD5-1E08-490C-A223-64BEDFDCECC4}.Debug|x86.ActiveCfg = Debug|Win32
		{AB89ACD5-1E08-490C-A223-64BEDFDCECC4}.Debug|x86.Build.0 = Debug|Win32
		{AB89ACD5-1E08-490C-A223-64BEDFDCECC4}.Release|x64.ActiveCfg = Release|x64
		{AB89ACD5-1E08-490C-A223-64BEDFDCECC4}.Release|x64.Build.0 = Release|x64
		{AB89ACD5-1E08-490C-A223-64BEDFDCECC4}.Release|x86.ActiveCfg = Release|Win32
		{AB89ACD5-1E08-490C-A223-64BEDFDCECC4}.Release|x86.Build.0 = Release|Win32
		{A1936B55-708A-4EC2-A2CD-A7BCB385F50E}.Debug|x64.ActiveCfg = Debug|x64
		{A1936B55-708A-4EC2-A2CD-A7BCB385F50E}.Debug|x64.Build.0 = Debug|x64
		{A1936B55-708A-4EC2-A2CD-A7BCB385F50E}.Debug|x86.ActiveCfg = Debug|Win32
		{A1936B55-708A-4EC2-A2CD-A7BCB385F50E}.Debug|x86.Build.0 = Debug|Win32
		{A1936B55-708A-4EC2-A2CD-A7BCB385F50E}.Release|x64.ActiveCfg = Release|x64
		{A1936B55-708A-4EC2-A2CD-A7BCB385F50E}.Release|x64.Build.0 = Release|x64
		{A1936B55-708A-4EC2-A2CD-A7BCB385F50E}.Release|x86.ActiveCfg = Release|Win32
		{A1936B55-708A-4EC2-A2CD-A7BCB385F50E}.Release|x86.Build.0 = Release|Win32
		{92CA1A2A-2526-4DBA-8BFA-E68B139C7D79}.Debug|x64.ActiveCfg = Debug|x64
		{92CA1A2A-2526-4DBA-8BFA-E68B139C7D79}.Debug|x64.Build.0 = Debug|x64
		{92CA1A2A-2526-4DBA-8BFA-E68B139C7D79}.Debug|x86.ActiveCfg = Debug|Win32
		{92CA1A2A-2526-4DBA-8BFA-E68B139C7D79}.Debug|x86.Build.0 = Debug|Win32
		{92CA1A2A-2526-4DBA-8BFA-E68B139C7D79}.Release|x64.ActiveCfg = Release|x64
		{92CA1A2A-2526-4DBA-8BFA-E68B139C7D79}.Release|x64.Build.0 = Release|x64
		{92CA1A2A-2526-4DBA-8BFA-E68B139C7D79}.Release|x86.ActiveCfg = Release|Win32
		{92CA1A2A-2526-4DBA-8BFA-E68B139C7D79}.Release|x86.Build.0 = Release|Win32
		{5EA02609-0B82-4FB4-9036-2CE661B4AE9A}.Debug|x64.ActiveCfg = Debug|x64
		{5EA02609-0B82-4FB4-9036-2CE661B4AE9A}.Debug|x64.Build.0 = Debug|x64
		{5EA02609-0B82-4FB4-9036-2CE661B4AE9A}.Debug|x86.ActiveCfg = Debug|Win32
		{5EA02609-0B82-4FB4-9036-2CE661B4AE9A}.Debug|x86.Build.0 = Debug|Win32
		{5EA02609-0B82-4FB4-9036-2CE661B4AE9A}.Release|x64.ActiveCfg = Release|x64
		{5EA02609-0B82-4FB4-9036-2CE661B4AE9A}.Release|x64.Build.0 = Release|x64
		{5EA02609-0B82-4FB4-9036-2CE661B4AE9A}.Release|x86.ActiveCfg = Release|Win32
		{5EA02609-0B82-4FB4-9036-2CE661B4AE9A}.Release|x86.Build.0 = Release|Win32
		{783568A1-5083-46AC-8157-4A8660CECE11}.Debug|x64.ActiveCfg = Debug|x64
		{783568A1-5083-46AC-8157-4A8660CECE11}.Debug|x64.Build.0 = Debug|x64
		{783568A1-5083-46AC-8157-4A8660CECE11}.Debug|x86.ActiveCfg = Debug|Win32
		{783568A1-5083-46AC-8157-4A8660CECE11}.Debug|x86.Build.0 = Debug|Win32
		{783568A1-5083-46AC-8157-4A8660CECE11}.Release|x64.ActiveCfg = Release|x64
		{783568A1-5083-46AC-8157-4A8660CECE11}.Release|x64.Build.0 = Release|x64
		{783568A1-5083-46AC-8157-4A8660CECE11}.Release|x86.ActiveCfg = Release|Win32
		{783568A1-5083-46AC-8157-4A8660CECE11}.Release|x86.Build.0 = Release|Win32
		{E6C047D2-C68A-4545-9FFE-188FDC1084BC}.Debug|x64.ActiveCfg = Debug|x64
		{E6C047D2-C68A-4545-9FFE-188FDC1084BC}.Debug|x64.Build.0 = Debug|x64
		{E6C047D2-C68A-4545-9FFE-188FDC1084BC}.Debug|x86.ActiveCfg = Debug|Win32
		{E6C047D2-C68A-4545-9FFE-188FDC1084BC}.Debug|x86.Build.0 = Debug|Win32
		{E6C047D2-C68A-4545-9FFE-188FDC1084BC}.Release|x64.ActiveCfg = Release|x64
		{E6C047D2-C68A-4545-9FFE-188FDC1084BC}.Release|x64.Build.0 = Release|x64
		{E6C047D2-C68A-4545-9FFE-188FDC1084BC}.Release|x86.ActiveCfg = Release|Win32
		{E6C047D2-C68A-4545-9FFE-188FDC1084BC}.Release|x86.Build.0 = Release|Win32
		{859CDB8B-2344-4C0C-B185-BA8627BE07F3}.Debug|x64.ActiveCfg = Debug|x64
		{859CDB8B-2344-4C0C-B185-BA8627BE07F3}.Debug|x64.Build.0 = Debug|x64
		{859CDB8B-2344-4C0C-B185-BA8627BE07F3}.Debug|x86.ActiveCfg = Debug|Win32
		{859CDB8B-2344-4C0C-B185-BA8627BE07F3}.Debug|x86.Build.0 = Debug|Win32
		{859CDB8B-2344-4C0C-B185-BA8627BE07F3}.Release|x64.ActiveCfg = Release|x64
		{859CDB8B-2344-4C0C-B185-BA8627BE07F3}.Release|x64.Build.0 = Release|x64
		{859CDB8B-2344-4C0C-B185-BA8627BE07F3}.Release|x86.ActiveCfg = Release|Win32
		{859CDB8B-2344-4C0C-B185-BA8627BE07F3}.Release|x86.Build.0 = Release|Win32
		{6CB57359-9A21-4E5F-8F8A-AD5C4C5C628E}.Debug|x64.ActiveCfg = Debug|x64
		{6CB57359-9A21-4E5F-8F8A-AD5C4C5C628E}.Debug|x64.Build.0 = Debug|x64
		{6CB57359-9A21-4E5F-8F8A-AD5C4C5C628E}.Debug|x86.ActiveCfg = Debug|Win32
		{6CB57359-9A21-4E5F-8F8A-AD5C4C5C628E}.Debug|x86.Build.0 = Debug|Win32
		{6CB57359-9A21-4E5F-8F8A-AD5C4C5C628E}.Release|x64.ActiveCfg = Release|x64
		{6CB57359-9A21-4E5F-8F8A-AD5C4C5C628E}.Release|x64.Build.0 = Release|x64
		{6CB57359-9A21-4E5F-8F8A-AD5C4C5C628E}.Release|x86.ActiveCfg = Release|Win32
		{6CB57359-9A21-4E5F-8F8A-AD5C4C5C628E}.Release|x86.Build.0 = Release|Win32
		{7FC5986E-8F4E-4766-91DB-97D862EF1EE9}.Debug|x64.ActiveCfg = Debug|x64
		{7FC5986E-8F4E-4766-91DB-97D862EF1EE9}.Debug|x64.Build.0 = Debug|x64
		{7FC5986E-8F4E-4766-91DB-97D862EF1EE9}.Debug|x86.ActiveCfg = Debug|Win32
		{7FC5986E-8F4E-4766-91DB-97D862EF1EE9}.Debug|x86.Build.0 = Debug|Win32
		{7FC5986E-8F4E-4766-91DB-97D862EF1EE9}.Release|x64.ActiveCfg = Release|x64
		{7FC5986E-8F4E-4766-91DB-97D862EF1EE9}.Release|x64.Build.0 = Release|x64
		{7FC5986E-8F4E-4766-91DB-97D862EF1EE9}.Release|x86.ActiveCfg = Release|Win32
		{7FC5986E-8F4E-4766-91DB-97D862EF1EE9}.Release|x86.Build.0 = Release|Win32
		{C509455B-F755-4763-B97B-BE2B1BB9B365}.Debug|x64.ActiveCfg = Debug|x64
		{C509455B-F755-4763-B97B-BE2B1BB9B365}.Debug|x64.Build.0 = Debug|x64
		{C509455B-F755-4763-B97B-BE2B1BB9B365}.Debug|x86.ActiveCfg = Debug|Win32
		{C509455B-F755-4763-B97B-BE2B1BB9B365}.Debug|x86.Build.0 = Debug|Win32
		{C509455B-F755-4763-B97B-BE2B1BB9B365}.Release|x64.ActiveCfg = Release|x64
		{C509455B-F755-4763-B97B-BE2B1BB9B365}.Release|x64.Build.0 = Release|x64
		{C509455B-F755-4763-B97B-BE2B1BB9B365}.Release|x86.ActiveCfg = Release|Win32
		{C509455B-F755-4763-B97B-BE2B1BB9B365}.Release|x86.Build.0 = Release|Win32
		{299EADA3-108A-4A08-8D14-4948B970F58B}.Debug|x64.ActiveCfg = Debug|x64
		{299EADA3-108A-4A08-8D14-4948B970F58B}.Debug|x64.Build.0 = Debug|x64
		{299EADA3-108A-4A08-8D14-4948B970F58B}.Debug|x86.ActiveCfg = Debug|Win32
		{299EADA3-108A-4A08-8D14-4948B970F58B}.Debug|x86.Build.0 = Debug|Win32
		{299EADA3-108A-4A08-8D14-4948B970F58B}.Release|x64.ActiveCfg = Release|x64
		{299EADA3-108A-4A08-8D14-4948B970F58B}.Release|x64.Build.0 = Release|x64
		{299EADA3-108A-4A08-8D14-4948B970F58B}.Release|x86.ActiveCfg = Release|Win32
		{299EADA3-108A-4A08-8D14-4948B970F58B}.Release|x86.Build.0 = Release|Win32
		{32237866-7B5A-46C1-819F-A2034151816E}.Debug|x64.ActiveCfg = Debug|x64
		{32237866-7B5A-46C1-819F-A2034151816E}.Debug|x64.Build.0 = Debug|x64
		{32237866-7B5A-46C1-819F-A2034151816E}.Debug|x86.ActiveCfg = Debug|Win32
		{32237866-7B5A-46C1-819F-A2034151816E}.Debug|x86.Build.0 = Debug|Win32
		{32237866-7B5A-46C1-819F-A2034151816E}.Release|x64.ActiveCfg = Release|x64
		{32237866-7B5A-46C1-819F-A2034151816E}.Release|x64.Build.0 = Release|x64
		{32237866-7B5A-46C1-819F-A2034151816E}.Release|x86.ActiveCfg = Release|Win32
		{32237866-7B5A-46C1-819F-A2034151816E}.Release|x86.Build.0 = Release|Win32
		{C2C3A779-DA8E-456E-BEA1-0D12AF398613}.Debug|x64.ActiveCfg = Debug|x64
		{C2C3A779-DA8E-456E-BEA1-0D12AF398613}.Debug|x64.Build.0 = Debug|x64
		{C2C3A779-DA8E-456E-BEA1-0D12AF398613}.Debug|x86.ActiveCfg = Debug|Win32
		{C2C3A779-DA8E-456E-BEA1-0D12AF398613}.Debug|x86.Build.0 = Debug|Win32
		{C2C3A779-DA8E-456E-BEA1-0D12AF398613}.Release|x64.ActiveCfg = Release|x64
		{C2C3A779-DA8E-456E-BEA1-0D12AF398613}.Release|x64.Build.0 = Release|x64
		{C2C3A779-DA8E-456E-BEA1-0D12AF398613}.Release|x86.ActiveCfg = Release|Win32
		{C2C3A779-DA8E-456E-BEA1-0D12AF398613}.Release|x86.Build.0 = Release|Win32
		{99E651B2-F869-4152-B4E1-7B8E3C181F47}.Debug|x64.ActiveCfg = Debug|x64
		{99E651B2-F869-4152-B4E1-7B8E3C181F47}.Debug|x64.Build.0 = Debug|x64
		{99E651B2-F869-4152-B4E1-7B8E3C181F47}.Debug|x86.ActiveCfg = Debug|Win32
		{99E651B2-F869-4152-B4E1-7B8E3C181F47}.Debug|x86.Build.0 = Debug|Win32
		{99E651B2-F869-4152-B4E1-7B8E3C181F47}.Release|x64.ActiveCfg = Release|x64
		{99E651B2-F869-4152-B4E1-7B8E3C181F47}.Release|x64.Build.0 = Release|x64
		{99E651B2-F869-4152-B4E1-7B8E3C181F47}.Release|x86.ActiveCfg = Release|Win32
		{99E651B2-F869-4152-B4E1-7B8E3C181F47}.Release|x86.Build.0 = Release|Win32
		{018A134D-D76B-4043-8D2F-EAC47695E597}.Debug|x64.ActiveCfg = Debug|x64
		{018A134D-D76B-4043-8D2F-EAC47695E597}.Debug|x64.Build.0 = Debug|x64
		{018A134D-D76B-4043-8D2F-EAC47695E597}.Debug|x86.ActiveCfg = Debug|Win32
		{018A134D-D76B-4043-8D2F-EAC47695E597}.Debug|x86.Build.0 = Debug|Win32
		{018A134D-D76B-4043-8D2F-EAC47695E597}.Release|x64.ActiveCfg = Release|x64
		{018A134D-D76B-4043-8D2F-EAC47695E597}.Release|x64.Build.0 = Release|x64
		{018A134D-D76B-4043-8D2F-EAC47695E597}.Release|x86.ActiveCfg = Release|Win32
		{018A134D-D76B-4043-8D2F-EAC47695E597}.Release|x86.Build.0 = Release|Win32
		{F2BB7ACA-502A-4A8F-9E52-E19B706D5193}.Debug|x64.ActiveCfg = Debug|x64
		{F2BB7ACA-502A-4A8F-9E52-E19B706D5193}.Debug|x64.Build.0 = Debug|x64
		{F2BB7ACA-502A-4A8F-9E52-E19B706D5193}.Debug|x86.ActiveCfg = Debug|Win32
		{F2BB7ACA-502A-4A8F-9E52-E19B706D5193}.Debug|x86.Build.0 = Debug|Win32
		{F2BB7ACA-502A-4A8F-9E52-E19B706D5193}.Release|x64.ActiveCfg = Release|x64
		{F2BB7ACA-502A-4A8F-9E52-E19B706D5193}.Release|x64.Build.0 = Release|x64
		{F2BB7ACA-502A-4A8F-9E52-E19B706D5193}.Release|x86.ActiveCfg = Release|Win32
		{F2BB7ACA-502A-4A8F-9E52-E19B706D5193}.Release|x86.Build.0 = Release|Win32
		{7B70E771-5B56-456B-9D09-F2125F6FA72F}.Debug|x64.ActiveCfg = Debug|x64
		{7B70E771-5B56-456B-9D09-F2125F6FA72F}.Debug|x64.Build.0 = Debug|x64
		{7B70E771-5B56-456B-9D09-F2125F6FA72F}.Debug|x86.ActiveCfg = Debug|Win32
		{7B70E771-5B56-456B-9D09-F2125F6FA72F}.Debug|x86.Build.0 = Debug|Win32
		{7B70E771-5B56-456B-9D09-F2125F6FA72F}.Release|x64.ActiveCfg = Release|x64
		{7B70E771-5B56-456B-9D09-F2125F6FA72F}.Release|x64.Build.0 = Release|x64
		{7B70E771-5B56-456B-9D09-F2125F6FA72F}.Release|x86.ActiveCfg = Release|Win32
		{7B70E771-5B56-456B-9D09-F2125F6FA72F}.Release|x86.Build.0 = Release|Win32
		{487D15B1-33D7-41A1-BA21-3512AC0D786A}.Debug|x64.ActiveCfg = Debug|x64
		{487D15B1-33D7-41A1-BA21-3512AC0D786A}.Debug|x64.Build.0 = Debug|x64
		{487D15B1-33D7-41A1-BA21-3512AC0D786A}.Debug|x86.ActiveCfg = Debug|Win32
		{487D15B1-33D7-41A1-BA21-3512AC0D786A}.Debug|x86.Build.0 = Debug|Win32
		{487D15B1-33D7-41A1-BA21-3512AC0D786A}.Release|x64.ActiveCfg = Release|x64
		{487D15B1-33D7-41A1-BA21-3512AC0D786A}.Release|x64.Build.0 = Release|x64
		{487D15B1-33D7-41A1-BA21-3512AC0D786A}.Release|x86.ActiveCfg = Release|Win32
		{487D15B1-33D7-41A1-BA21-3512AC0D786A}.Release|x86.Build.0 = Release|Win32
		{194079AC-AF08-4894-BC46-47C2AEC69A20}.Debug|x64.ActiveCfg = Debug|x64
		{194079AC-AF08-4894-BC46-47C2AEC69A20}.Debug|x64.Build.0 = Debug|x64
		{194079AC-AF08-4894-BC46-47C2AEC69A20}.Debug|x86.ActiveCfg = Debug|Win32
		{194079AC-AF08-4894-BC46-47C2AEC69A20}.Debug|x86.Build.0 = Debug|Win32
		{194079AC-AF08-4894-BC46-47C2AEC69A20}.Release|x64.ActiveCfg = Release|x64
		{194079AC-AF08-4894-BC46-47C2AEC69A20}.Release|x64.Build.0 = Release|x64
		{194079AC-AF08-4894-BC46-47C2AEC69A20}.Release|x86.ActiveCfg = Release|Win32
		{194079AC-AF08-4894-BC46-47C2AEC69A20}.Release|x86.Build.0 = Release|Win32
		{D4BC2848-AFF3-449A-9F3B-6EEA6A7D906E}.Debug|x64.ActiveCfg = Debug|x64
		{D4BC2848-AFF3-449A-9F3B-6EEA6A7D906E}.Debug|x64.Build.0 = Debug|x64
		{D4BC2848-AFF3-449A-9F3B-6EEA6A7D906E}.Debug|x86.ActiveCfg = Debug|Win32
		{D4BC2848-AFF3-449A-9F3B-6EEA6A7D906E}.Debug|x86.Build.0 = Debug|Win32
		{D4BC2848-AFF3-449A-9F3B-6EEA6A7D906E}.Release|x64.ActiveCfg = Release|x64
		{D4BC2848-AFF3-449A-9F3B-6EEA6A7D906E}.Release|x64.Build.0 = Release|x64
		{D4BC2848-AFF3-449A-9F3B-6EEA6A7D906E}.Release|x86.ActiveCfg = Release|Win32
		{D4BC2848-AFF3-449A-9F3B-6EEA6A7D906E}.Release|x86.Build.0 = Release|Win32
		{6F25F52F-C65F-4415-B4B3-317C8C59D58E}.Debug|x64.ActiveCfg = Debug|x64
		{6F25F52F-C65F-4415-B4B3-317C8C59D58E}.Debug|x64.Build.0 = Debug|x64
		{6F25F52F-C65F-4415-B4B3-317C8C59D58E}.Debug|x86.ActiveCfg = Debug|Win32
		{6F25F52F-C65F-4415-B4B3-317C8C59D58E}.Debug|x86.Build.0 = Debug|Win32
		{6F25F52F-C65F-4415-B4B3-317C8C59D58E}.Release|x64.ActiveCfg = Release|x64
		{6F25F52F-C65F-4415-B4B3-317C8C59D58E}.Release|x64.Build.0 = Release|x64
		{6F25F52F-C65F-4415-B4B3-317C8C59D58E}.Release|x86.ActiveCfg = Release|Win32
		{6F25F52F-C65F-4415-B4B3-317C8C59D58E}.Release|x86.Build.0 = Release|Win32
		{3B62EDD5-FB46-46EE-BDF5-A74FCE24720B}.Debug|x64.ActiveCfg = Debug|x64
		{3B62EDD5-FB46-46EE-BDF5-A74FCE24720B}.Debug|x64.Build.0 = Debug|x64
		{3B62EDD5-FB46-46EE-BDF5-A74FCE24720B}.Debug|x86.ActiveCfg = Debug|Win32
		{3B62EDD5-FB46-46EE-BDF5-A74FCE24720B}.Debug|x86.Build.0 = Debug|Win32
		{3B62EDD5-FB46-46EE-BDF5-A74FCE24720B}.Release|x64.ActiveCfg = Release|x64
		{3B62EDD5-FB46-46EE-BDF5-A74FCE24720B}.Release|x64.Build.0 = Release|x64
		{3B62EDD5-FB46-46EE-BDF5-A74FCE24720B}.Release|x86.ActiveCfg = Release|Win32
		{3B62EDD5-FB46-46EE-BDF5-A74FCE24720B}.Release|x86.Build.0 = Release|Win32
		{37E5E122-78B3-4261-AB08-B4238637BE0A}.Debug|x64.ActiveCfg = Debug|x64
		{37E5E122-78B3-4261-AB08-B4238637BE0A}.Debug|x64.Build.0 = Debug|x64
		{37E5E122-78B3-4261-AB08-B4238637BE0A}.Debug|x86.ActiveCfg = Debug|Win32
		{37E5E122-78B3-4261-AB08-B4238637BE0A}.Debug|x86.Build.0 = Debug|Win32
		{37E5E122-78B3-4261-AB08-B4238637BE0A}.Release|x64.ActiveCfg = Release|x64
		{37E5E122-78B3-4261-AB08-B4238637BE0A}.Release|x64.Build.0 = Release|x64
		{37E5E122-78B3-4261-AB08-B4238637BE0A}.Release|x86.ActiveCfg = Release|Win32
		{37E5E122-78B3-4261-AB08-B4238637BE0A}.Release|x86.Build.0 = Release|Win32
		{6319BA23-F89C-4507-98FF-B969F7F5F036}.Debug|x64.ActiveCfg = Debug|x64
		{6319BA23-F89C-4507-98FF-B969F7F5F036}.Debug|x64.Build.0 = Debug|x64
		{6319BA23-F89C-4507-98FF-B969F7F5F036}.Debug|x86.ActiveCfg = Debug|Win32
		{6319BA23-F89C-4507-98FF-B969F7F5F036}.Debug|x86.Build.0 = Debug|Win32
		{6319BA23-F89C-4507-98FF-B969F7F5F036}.Release|x64.ActiveCfg = Release|x64
		{6319BA23-F89C-4507-98FF-B969F7F5F036}.Release|x64.Build.0 = Release|x64
		{6319BA23-F89C-4507-98FF-B969F7F5F036}.Release|x86.ActiveCfg = Release|Win32
		{6319BA23-F89C-4507-98FF-B969F7F5F036}.Release|x86.Build.0 = Release|Win32
		{66826AC6-8CEC-406F-8BAB-A57A63119817}.Debug|x64.ActiveCfg = Debug|x64
		{66826AC6-8CEC-406F-8BAB-A57A63119817}.Debug|x64.Build.0 = Debug|x64
		{66826AC6-8CEC-406F-8BAB-A57A63119817}.Debug|x86.ActiveCfg = Debug|Win32
		{66826AC6-8CEC-406F-8BAB-A57A63119817}.Debug|x86.Build.0 = Debug|Win32
		{66826AC6-8CEC-406F-8BAB-A57A63119817}.Release|x64.ActiveCfg = Release|x64
		{66826AC6-8CEC-406F-8BAB-A57A63119817}.Release|x64.Build.0 = Release|x64
		{66826AC6-8CEC-406F-8BAB-A57A63119817}.Release|x86.ActiveCfg = Release|Win32
		{66826AC6-8CEC-406F-8BAB-A57A63119817}.Release|x86.Build.0 = Release|Win32
		{7CAB1D1C-5DF0-45D8-AB6D-F94621EE5D49}.Debug|x64.ActiveCfg = Debug|x64
		{7CAB1D1C-5DF0-45D8-AB6D-F94621EE5D49}.Debug|x64.Build.0 = Debug|x64
		{7CAB1D1C-5DF0-45D8-AB6D-F94621EE5D49}.Debug|x86.ActiveCfg = Debug|Win32
		{7CAB1D1C-5DF0-45D8-AB6D-F94621EE5D49}.Debug|x86.Build.0 = Debug|Win32
		{7CAB1D1C-5DF0-45D8-AB6D-F94621EE5D49}.Release|x64.ActiveCfg = Release|x64
		{7CAB1D1C-5DF0-45D8-AB6D-F94621EE5D49}.Release|x64.Build.0 = Release|x64
		{7CAB1D1C-5DF0-45D8-AB6D-F94621EE5D49}.Release|x86.ActiveCfg = Release|Win32
		{7CAB1D1C-5DF0-45D8-AB6D-F94621EE5D49}.Release|x86.Build.0 = Release|Win32
		{85A582B4-15BF-4EA3-8F81-A438E614D4EA}.Debug|x64.ActiveCfg = Debug|x64
		{85A582B4-15BF-4EA3-8F81-A438E614D4EA}.Debug|x64.Build.0 = Debug|x64
		{85A582B4-15BF-4EA3-8F81-A438E614D4EA}.Debug|x86.ActiveCfg = Debug|Win32
		{85A582B4-15BF-4EA3-8F81-A438E614D4EA}.Debug|x86.Build.0 = Debug|Win32
		{85A582B4-15BF-4EA3-8F81-A438E614D4EA}.Release|x64.ActiveCfg = Release|x64
		{85A582B4-15BF-4EA3-8F81-A438E614D4EA}.Release|x64.Build.0 = Release|x64
		{85A582B4-15BF-4EA3-8F81-A438E614D4EA}.Release|x86.ActiveCfg = Release|Win32
		{85A582B4-15BF-4EA3-8F81-A438E614D4EA}.Release|x86.Build.0 = Release|Win32
		{3439F573-C478-4722-A284-CE973B387068}.Debug|x64.ActiveCfg = Debug|x64
		{3439F573-C478-4722-A284-CE973B387068}.Debug|x64.Build.0 = Debug|x64
		{3439F573-C478-4722-A284-CE973B387068}.Debug|x86.ActiveCfg = Debug|Win32
		{3439F573-C478-4722-A284-CE973B387068}.Debug|x86.Build.0 = Debug|Win32
		{3439F573-C478-4722-A284-CE973B387068}.Release|x64.ActiveCfg = Release|x64
		{3439F573-C478-4722-A284-CE973B387068}.Release|x64.Build.0 = Release|x64
		{3439F573-C478-4722-A284-CE973B387068}.Release|x86.ActiveCfg = Release|Win32
		{3439F573-C478-4722-A284-CE973B387068}.Release|x86.Build.0 = Release|Win32
		{29E69051-5CD4-4656-A23E-B6205DFF9F75}.Debug|x64.ActiveCfg = Debug|x64
		{29E69051-5CD4-4656-A23E-B6205DFF9F75}.Debug|x64.Build.0 = Debug|x64
		{29E69051-5CD4-4656-A23E-B6205DFF9F75}.Debug|x86.ActiveCfg = Debug|Win32
		{29E69051-5CD4-4656-A23E-B6205DFF9F75}.Debug|x86.Build.0 = Debug|Win32
		{29E69051-5CD4-4656-A23E-B6205DFF9F75}.Release|x64.ActiveCfg = Release|x64
		{29E69051-5CD4-4656-A23E-B6205DFF9F75}.Release|x64.Build.0 = Release|x64
		{29E69051-5CD4-4656-A23E-B6205DFF9F75}.Release|x86.ActiveCfg = Release|Win32
		{29E69051-5CD4-4656-A23E-B6205DFF9F75}.Release|x86.Build.0 = Release|Win32
		{E9A372B2-4845-442E-8150-95783A9D28C6}.Debug|x64.ActiveCfg = Debug|x64
		{E9A372B2-4845-442E-8150-95783A9D28C6}.Debug|x64.Build.0 = Debug|x64
		{E9A372B2-4845-442E-8150-95783A9D28C6}.Debug|x86.ActiveCfg = Debug|Win32
		{E9A372B2-4845-442E-8150-95783A9D28C6}.Debug|x86.Build.0 = Debug|Win32
		{E9A372B2-4845-442E-8150-95783A9D28C6}.Release|x64.ActiveCfg = Release|x64
		{E9A372B2-4845-442E-8150-95783A9D28C6}.Release|x64.Build.0 = Release|x64
		{E9A372B2-4845-442E-8150-95783A9D28C6}.Release|x86.ActiveCfg = Release|Win32
		{E9A372B2-4845-442E-8150-95783A9D28C6}.Release|x86.Build.0 = Release|Win32
		{A3C99C56-51CC-4D94-9E8C-C0103B3A9E48}.Debug|x64.ActiveCfg = Debug|x64
		{A3C99C56-51CC-4D94-9E8C-C0103B3A9E48}.Debug|x64.Build.0 = Debug|x64
		{A3C99C56-51CC-4D94-9E8C-C0103B3A9E48}.Debug|x86.ActiveCfg = Debug|Win32
		{A3C99C56-51CC-4D94-9E8C-C0103B3A9E48}.Debug|x86.Build.0 = Debug|Win32
		{A3C99C56-51CC-4D94-9E8C-C0103B3A9E48}.Release|x64.ActiveCfg = Release|x64
		{A3C99C56-51CC-4D94-9E8C-C0103B3A9E48}.Release|x64.Build.0 = Release|x64
		{A3C99C56-51CC-4D94-9E8C-C0103B3A9E48}.Release|x86.ActiveCfg = Release|Win32
		{A3C99C56-51CC-4D94-9E8C-C0103B3A9E48}.Release|x86.Build.0 = Release|Win32
		{1C40AB10-56F7-43AB-8C8A-6835D03E8DA0}.Debug|x64.ActiveCfg = Debug|x64
		{1C40AB10-56F7-43AB-8C8A-6835D03E8DA0}.Debug|x64.Build.0 = Debug|x64
		{1C40AB10-56F7-43AB-8C8A-6835D03E8DA0}.Debug|x86.ActiveCfg = Debug|Win32
		{1C40AB10-56F7-43AB-8C8A-6835D03E8DA0}.Debug|x86.Build.0 = Debug|Win32
		{1C40AB10-56F7-43AB-8C8A-6835D03E8DA0}.Release|x64.ActiveCfg = Release|x64
		{1C40AB10-56F7-43AB-8C8A-6835D03E8DA0}.Release|x64.Build.0 = Release|x64
		{1C40AB10-56F7-43AB-8C8A-6835D03E8DA0}.Release|x86.ActiveCfg = Release|Win32
		{1C40AB10-56F7-43AB-8C8A-6835D03E8DA0}.Release|x86.Build.0 = Release|Win32
		{1C80683B-7B4A-4972-80BA-A1DC95325890}.Debug|x64.ActiveCfg = Debug|x64
		{1C80683B-7B4A-4972-80BA-A1DC95325890}.Debug|x64.Build.0 = Debug|x64
		{1C80683B-7B4A-4972-80BA-A1DC95325890}.Debug|x86.ActiveCfg = Debug|Win32
		{1C80683B-7B4A-4972-80BA-A1DC95325890}.Debug|x86.Build.0 = Debug|Win32
		{1C80683B-7B4A-4972-80BA-A1DC95325890}.Release|x64.ActiveCfg = Release|x64
		{1C80683B-7B4A-4972-80BA-A1DC95325890}.Release|x64.Build.0 = Release|x64
		{1C80683B-7B4A-4972-80BA-A1DC95325890}.Release|x86.ActiveCfg = Release|Win32
		{1C80683B-7B4A-4972-80BA-A1DC95325890}.Release|x86.Build.0 = Release|Win32
		{0A9083E9-6C25-427F-A949-D7C8010DD5CA}.Debug|x64.ActiveCfg = Debug|x64
		{0A9083E9-6C25-427F-A949-D7C8010DD5CA}.Debug|x64.Build.0 = Debug|x64
		{0A9083E9-6C25-427F-A949-D7C8010DD5CA}.Debug|x86.ActiveCfg = Debug|Win32
		{0A9083E9-6C25-427F-A949-D7C8010DD5CA}.Debug|x86.Build.0 = Debug|Win32
		{0A9083E9-6C25-427F-A949-D7C8010DD5CA}.Release|x64.ActiveCfg = Release|x64
		{0A9083E9-6C25-427F-A949-D7C8010DD5CA}.Release|x64.Build.0 = Release|x64
		{0A9083E9-6C25-427F-A949-D7C8010DD5CA}.Release|x86.ActiveCfg = Release|Win32
		{0A9083E9-6C25-427F-A949-D7C8010DD5CA}.Release|x86.Build.0 = Release|Win32
		{4F9B8A81-B976-422D-B8B4-3CB4E025BFF3}.Debug|x64.ActiveCfg = Debug|x64
		{4F9B8A81-B976-422D-B8B4-3CB4E025BFF3}.Debug|x64.Build.0 = Debug|x64
		{4F9B8A81-B976-422D-B8B4-3CB4E025BFF3}.Debug|x86.ActiveCfg = Debug|Win32
		{4F9B8A81-B976-422D-B8B4-3CB4E025BFF3}.Debug|x86.Build.0 = Debug|Win32
		{4F9B8A81-B976-422D-B8B4-3CB4E025BFF3}.Release|x64.ActiveCfg = Release|x64
		{4F9B8A81-B976-422D-B8B4-3CB4E025BFF3}.Release|x64.Build.0 = Release|x64
		{4F9B8A81-B976-422D-B8B4-3CB4E025BFF3}.Release|x86.ActiveCfg = Release|Win32
		{4F9B8A81-B976-422D-B8B4-3CB4E025BFF3}.Release|x86.Build.0 = Release|Win32
		{162009A6-A0D0-4669-ADD2-B76CA62438AA}.Debug|x64.ActiveCfg = Debug|x64
		{162009A6-A0D0-4669-ADD2-B76CA62438AA}.Debug|x64.Build.0 = Debug|x64
		{162009A6-A0D0-4669-ADD2-B76CA62438AA}.Debug|x86.ActiveCfg = Debug|Win32
		{162009A6-A0D0-4669-ADD2-B76CA62438AA}.Debug|x86.Build.0 = Debug|Win32
		{162009A6-A0D0-4669-ADD2-B76CA62438AA}.Release|x64.ActiveCfg = Release|x64
		{162009A6-A0D0-4669-ADD2-B76CA62438AA}.Release|x64.Build.0 = Release|x64
		{162009A6-A0D0-4669-ADD2-B76CA62438AA}.Release|x86.ActiveCfg = Release|Win32
		{162009A6-A0D0-4669-ADD2-B76CA62438AA}.Release|x86.Build.0 = Release|Win32
		{E4F2C92D-C7DC-44BA-8FA1-E8BAC31E3EED}.Debug|x64.ActiveCfg = Debug|x64
		{E4F2C92D-C7DC-44BA-8FA1-E8BAC31E3EED}.Debug|x64.Build.0 = Debug|x64
		{E4F2C92D-C7DC-44BA-8FA1-E8BAC31E3EED}.Debug|x86.ActiveCfg = Debug|Win32
		{E4F2C92D-C7DC-44BA-8FA1-E8BAC31E3EED}.Debug|x86.Build.0 = Debug|Win32
		{E4F2C92D-C7DC-44BA-8FA1-E8BAC31E3EED}.Release|x64.ActiveCfg = Release|x64
		{E4F2C92D-C7DC-44BA-8FA1-E8BAC31E3EED}.Release|x64.Build.0 = Release|x64
		{E4F2C92D-C7DC-44BA-8FA1-E8BAC31E3EED}.Release|x86.ActiveCfg = Release|Win32
		{E4F2C92D-C7DC-44BA-8FA1-E8BAC31E3EED}.Release|x86.Build.0 = Release|Win32
		{0BF28D95-A3C1-45EF-9F91-0B12475738B3}.Debug|x64.ActiveCfg = Debug|x64
		{0BF28D95-A3C1-45EF-9F91-0B12475738B3}.Debug|x64.Build.0 = Debug|x64
		{0BF28D95-A3C1-45EF-9F91-0B12475738B3}.Debug|x86.ActiveCfg = Debug|Win32
		{0BF28D95-A3C1-45EF-9F91-0B12475738B3}.Debug|x86.Build.0 = Debug|Win32
		{0BF28D95-A3C1-45EF-9F91-0B12475738B3}.Release|x64.ActiveCfg = Release|x64
		{0BF28D95-A3C1-45EF-9F91-0B12475738B3}.Release|x64.Build.0 = Release|x64
		{0BF28D95-A3C1-45EF-9F91-0B12475738B3}.Release|x86.ActiveCfg = Release|Win32
		{0BF28D95-A3C1-45EF-9F91-0B12475738B3}.Release|x86.Build.0 = Release|Win32
		{0B4DB5C0-0966-4DC4-BF63-50695F287361}.Debug|x64.ActiveCfg = Debug|x64
		{0B4DB5C0-0966-4DC4-BF63-50695F287361}.Debug|x64.Build.0 = Debug|x64
		{0B4DB5C0-0966-4DC4-BF63-50695F287361}.Debug|x86.ActiveCfg = Debug|Win32
		{0B4DB5C0-0966-4DC4-BF63-50695F287361}.Debug|x86.Build.0 = Debug|Win32
		{0B4DB5C0-0966-4DC4-BF63-50695F287361}.Release|x64.ActiveCfg = Release|x64
		{0B4DB5C0-0966-4DC4-BF63-50695F287361}.Release|x64.Build.0 = Release|x64
		{0B4DB5C0-0966-4DC4-BF63-50695F287361}.Release|x86.ActiveCfg = Release|Win32
		{0B4DB5C0-0966-4DC4-BF63-50695F287361}.Release|x86.Build.0 = Release|Win32
		{57A0960C-7D5F-412E-BC42-18212B549676}.Debug|x64.ActiveCfg = Debug|x64
		{57A0960C-7D5F-412E-BC42-18212B549676}.Debug|x64.Build.0 = Debug|x64
		{57A0960C-7D5F-412E-BC42-18212B549676}.Debug|x86.ActiveCfg = Debug|Win32
		{57A0960C-7D5F-412E-BC42-18212B549676}.Debug|x86.Build.0 = Debug|Win32
		{57A0960C-7D5F-412E-BC42-18212B549676}.Release|x64.ActiveCfg = Release|x64
		{57A0960C-7D5F-412E-BC42-18212B549676}.Release|x64.Build.0 = Release|x64
		{57A0960C-7D5F-412E-BC42-18212B549676}.Release|x86.ActiveCfg = Release|Win32
		{57A0960C-7D5F-412E-BC42-18212B549676}.Release|x86.Build.0 = Release|Win32
		{E67A5CCC-92BE-4207-ADC7-F54082C48593}.Debug|x64.ActiveCfg = Debug|x64
		{E67A5CCC-92BE-4207-ADC7-F54082C48593}.Debug|x64.Build.0 = Debug|x64
		{E67A5CCC-92BE-4207-ADC7-F54082C48593}.Debug|x86.ActiveCfg = Debug|Win32
		{E67A5CCC-92BE-4207-ADC7-F54082C48593}.Debug|x86.Build.0 = Debug|Win32
		{E67A5CCC-92BE-4207-ADC7-F54082C48593}.Release|x64.ActiveCfg = Release|x64
		{E67A5CCC-92BE-4207-ADC7-F54082C48593}.Release|x64.Build.0 = Release|x64
		{E67A5CCC-92BE-4207-ADC7-F54082C48593}.Release|x86.ActiveCfg = Release|Win32
		{E67A5CCC-92BE-4207-ADC7-F54082C48593}.Release|x86.Build.0 = Release|Win32
		{167C5192-0788-4760-B8EF-979E2E3FD294}.Debug|x64.ActiveCfg = Debug|x64
		{167C5192-0788-4760-B8EF-979E2E3FD294}.Debug|x64.Build.0 = Debug|x64
		{167C5192-0788-4760-B8EF-979E2E3FD294}.Debug|x86.ActiveCfg = Debug|Win32
		{167C5192-0788-4760-B8EF-979E2E3FD294}.Debug|x86.Build.0 = Debug|Win32
		{167C5192-0788-4760-B8EF-979E2E3FD294}.Release|x64.ActiveCfg = Release|x64
		{167C5192-0788-4760-B8EF-979E2E3FD294}.Release|x64.Build.0 = Release|x64
		{167C5192-0788-4760-B8EF-979E2E3FD294}.Release|x86.ActiveCfg = Release|Win32
		{167C5192-0788-4760-B8EF-979E2E3FD294}.Release|x86.Build.0 = Release|Win32
	EndGlobalSection
	GlobalSection(SolutionProperties) = preSolution
		HideSolutionNode = FALSE
	EndGlobalSection
	GlobalSection(ExtensibilityGlobals) = postSolution
		SolutionGuid = {1A5D3C7F-E468-4BB4-A486-695608CAE08C}
	EndGlobalSection
EndGlobal
